
Microsoft Visual Studio Solution File, Format Version 12.00
# Visual Studio Version 16
VisualStudioVersion = 16.0.30611.23
MinimumVisualStudioVersion = 10.0.40219.1
Project("{9A19103F-16F7-4668-BE54-9A1E7A4F7556}") = "Beacon.Client", "Beacon.Client\Beacon.Client.csproj", "{24909A6C-0F80-4DCD-A983-E2A56B4FBEFC}"
EndProject
Project("{9A19103F-16F7-4668-BE54-9A1E7A4F7556}") = "Beacon.Server", "Beacon.Server\Beacon.Server.csproj", "{0F80A81B-577A-4912-9CD6-9440C8082982}"
EndProject
Project("{9A19103F-16F7-4668-BE54-9A1E7A4F7556}") = "Beacon.Common", "Beacon.Common\Beacon.Common.csproj", "{16EC8ECD-34BE-493F-AD2E-67BEBE8EF44F}"
EndProject
Project("{FAE04EC0-301F-11D3-BF4B-00C04F79EFBC}") = "Beacon.Client.Console", "Beacon.Client.Console\Beacon.Client.Console.csproj", "{A4194267-7901-47DE-8E7F-8C3716A68D3E}"
EndProject
Global
	GlobalSection(SolutionConfigurationPlatforms) = preSolution
		Debug|Any CPU = Debug|Any CPU
		Release|Any CPU = Release|Any CPU
	EndGlobalSection
	GlobalSection(ProjectConfigurationPlatforms) = postSolution
		{24909A6C-0F80-4DCD-A983-E2A56B4FBEFC}.Debug|Any CPU.ActiveCfg = Debug|Any CPU
		{24909A6C-0F80-4DCD-A983-E2A56B4FBEFC}.Debug|Any CPU.Build.0 = Debug|Any CPU
		{24909A6C-0F80-4DCD-A983-E2A56B4FBEFC}.Release|Any CPU.ActiveCfg = Release|Any CPU
		{24909A6C-0F80-4DCD-A983-E2A56B4FBEFC}.Release|Any CPU.Build.0 = Release|Any CPU
		{0F80A81B-577A-4912-9CD6-9440C8082982}.Debug|Any CPU.ActiveCfg = Debug|Any CPU
		{0F80A81B-577A-4912-9CD6-9440C8082982}.Debug|Any CPU.Build.0 = Debug|Any CPU
		{0F80A81B-577A-4912-9CD6-9440C8082982}.Release|Any CPU.ActiveCfg = Release|Any CPU
		{0F80A81B-577A-4912-9CD6-9440C8082982}.Release|Any CPU.Build.0 = Release|Any CPU
		{16EC8ECD-34BE-493F-AD2E-67BEBE8EF44F}.Debug|Any CPU.ActiveCfg = Debug|Any CPU
		{16EC8ECD-34BE-493F-AD2E-67BEBE8EF44F}.Debug|Any CPU.Build.0 = Debug|Any CPU
		{16EC8ECD-34BE-493F-AD2E-67BEBE8EF44F}.Release|Any CPU.ActiveCfg = Release|Any CPU
		{16EC8ECD-34BE-493F-AD2E-67BEBE8EF44F}.Release|Any CPU.Build.0 = Release|Any CPU
		{A4194267-7901-47DE-8E7F-8C3716A68D3E}.Debug|Any CPU.ActiveCfg = Debug|Any CPU
		{A4194267-7901-47DE-8E7F-8C3716A68D3E}.Debug|Any CPU.Build.0 = Debug|Any CPU
		{A4194267-7901-47DE-8E7F-8C3716A68D3E}.Release|Any CPU.ActiveCfg = Release|Any CPU
		{A4194267-7901-47DE-8E7F-8C3716A68D3E}.Release|Any CPU.Build.0 = Release|Any CPU
	EndGlobalSection
	GlobalSection(SolutionProperties) = preSolution
		HideSolutionNode = FALSE
	EndGlobalSection
	GlobalSection(ExtensibilityGlobals) = postSolution
		SolutionGuid = {DCC6068C-85CE-49FD-B828-6DF2E7F30672}
	EndGlobalSection
EndGlobal
